Microsoft Visual Studio Solution File, Format Version 11.00
# Visual Studio 2008

Project("{CB5FEB1B-7314-6377-25A2-E73BDC9F7295}") = "Color", "Assembly-CSharp.csproj", "{9752E8A1-826F-9BCA-1E5C-67BD6FBC8067}"
EndProject
Global
	GlobalSection(SolutionConfigurationPlatforms) = preSolution
		Debug|Any CPU = Debug|Any CPU
		Release|Any CPU = Release|Any CPU
	EndGlobalSection
	GlobalSection(ProjectConfigurationPlatforms) = postSolution
		{9752E8A1-826F-9BCA-1E5C-67BD6FBC8067}.Debug|Any CPU.ActiveCfg = Debug|Any CPU
		{9752E8A1-826F-9BCA-1E5C-67BD6FBC8067}.Debug|Any CPU.Build.0 = Debug|Any CPU
		{9752E8A1-826F-9BCA-1E5C-67BD6FBC8067}.Release|Any CPU.ActiveCfg = Release|Any CPU
		{9752E8A1-826F-9BCA-1E5C-67BD6FBC8067}.Release|Any CPU.Build.0 = Release|Any CPU
	EndGlobalSection
	GlobalSection(SolutionProperties) = preSolution
		HideSolutionNode = FALSE
	EndGlobalSection
	GlobalSection(MonoDevelopProperties) = preSolution
		StartupItem = Assembly-CSharp.csproj
	EndGlobalSection
EndGlobal
